{
    "_readme": [
        "This file locks the dependencies of your project to a known state",
        "Read more about it at https://getcomposer.org/doc/01-basic-usage.md#installing-dependencies",
        "This file is @generated automatically"
    ],
    "content-hash": "8e3a3c3e5c3f0c0c3c3c3c3c3c3c3c3c",
    "packages": [],
    "packages-dev": [],
    "aliases": [],
    "minimum-stability": "stable",
    "stability-flags": [],
    "prefer-stable": false,
    "prefer-lowest": false,
    "platform": {
        "php": "^8.0.0",
        "ext-pdo": "*",
        "ext-mysqli": "*",
        "ext-json": "*",
        "ext-mbstring": "*",
        "ext-session": "*"
    },
    "platform-dev": [],
    "plugin-api-version": "2.3.0"
}
